{
  "name": "typescript-wins-workshop",
  "lockfileVersion": 2,
  "requires": true,
  "packages": {
    "": {
      "dependencies": {
        "shiki-twoslash": "^3.1.2"
      }
    },
    "node_modules/@typescript/twoslash": {
      "version": "3.1.0",
      "resolved": "https://registry.npmjs.org/@typescript/twoslash/-/twoslash-3.1.0.tgz",
      "integrity": "sha512-kTwMUQ8xtAZaC4wb2XuLkPqFVBj2dNBueMQ89NWEuw87k2nLBbuafeG5cob/QEr6YduxIdTVUjix0MtC7mPlmg==",
      "dependencies": {
        "@typescript/vfs": "1.3.5",
        "debug": "^4.1.1",
        "lz-string": "^1.4.4"
      }
    },
    "node_modules/@typescript/twoslash/node_modules/@typescript/vfs": {
      "version": "1.3.5",
      "resolved": "https://registry.npmjs.org/@typescript/vfs/-/vfs-1.3.5.tgz",
      "integrity": "sha512-pI8Saqjupf9MfLw7w2+og+fmb0fZS0J6vsKXXrp4/PDXEFvntgzXmChCXC/KefZZS0YGS6AT8e0hGAJcTsdJlg==",
      "dependencies": {
        "debug": "^4.1.1"
      }
    },
    "node_modules/@typescript/vfs": {
      "version": "1.3.4",
      "resolved": "https://registry.npmjs.org/@typescript/vfs/-/vfs-1.3.4.tgz",
      "integrity": "sha512-RbyJiaAGQPIcAGWFa3jAXSuAexU4BFiDRF1g3hy7LmRqfNpYlTQWGXjcrOaVZjJ8YkkpuwG0FcsYvtWQpd9igQ==",
      "dependencies": {
        "debug": "^4.1.1"
      }
    },
    "node_modules/debug": {
      "version": "4.3.4",
      "resolved": "https://registry.npmjs.org/debug/-/debug-4.3.4.tgz",
      "integrity": "sha512-PRWFHuSU3eDtQJPvnNY7Jcket1j0t5OuOsFzPPzsekD52Zl8qUfFIPEiswXqIvHWGVHOgX+7G/vCNNhehwxfkQ==",
      "dependencies": {
        "ms": "2.1.2"
      },
      "engines": {
        "node": ">=6.0"
      },
      "peerDependenciesMeta": {
        "supports-color": {
          "optional": true
        }
      }
    },
    "node_modules/fenceparser": {
      "version": "1.1.1",
      "resolved": "https://registry.npmjs.org/fenceparser/-/fenceparser-1.1.1.tgz",
      "integrity": "sha512-VdkTsK7GWLT0VWMK5S5WTAPn61wJ98WPFwJiRHumhg4ESNUO/tnkU8bzzzc62o6Uk1SVhuZFLnakmDA4SGV7wA==",
      "engines": {
        "node": ">=12"
      }
    },
    "node_modules/jsonc-parser": {
      "version": "3.2.0",
      "resolved": "https://registry.npmjs.org/jsonc-parser/-/jsonc-parser-3.2.0.tgz",
      "integrity": "sha512-gfFQZrcTc8CnKXp6Y4/CBT3fTc0OVuDofpre4aEeEpSBPV5X5v4+Vmx+8snU7RLPrNHPKSgLxGo9YuQzz20o+w=="
    },
    "node_modules/lz-string": {
      "version": "1.5.0",
      "resolved": "https://registry.npmjs.org/lz-string/-/lz-string-1.5.0.tgz",
      "integrity": "sha512-h5bgJWpxJNswbU7qCrV0tIKQCaS3blPDrqKWx+QxzuzL1zGUzij9XCWLrSLsJPu5t+eWA/ycetzYAO5IOMcWAQ==",
      "bin": {
        "lz-string": "bin/bin.js"
      }
    },
    "node_modules/ms": {
      "version": "2.1.2",
      "resolved": "https://registry.npmjs.org/ms/-/ms-2.1.2.tgz",
      "integrity": "sha512-sGkPx+VjMtmA6MX27oA4FBFELFCZZ4S4XqeGOXCv68tT+jb3vk/RyaKWP0PTKyWtmLSM0b+adUTEvbs1PEaH2w=="
    },
    "node_modules/shiki": {
      "version": "0.10.1",
      "resolved": "https://registry.npmjs.org/shiki/-/shiki-0.10.1.tgz",
      "integrity": "sha512-VsY7QJVzU51j5o1+DguUd+6vmCmZ5v/6gYu4vyYAhzjuNQU6P/vmSy4uQaOhvje031qQMiW0d2BwgMH52vqMng==",
      "dependencies": {
        "jsonc-parser": "^3.0.0",
        "vscode-oniguruma": "^1.6.1",
        "vscode-textmate": "5.2.0"
      }
    },
    "node_modules/shiki-twoslash": {
      "version": "3.1.2",
      "resolved": "https://registry.npmjs.org/shiki-twoslash/-/shiki-twoslash-3.1.2.tgz",
      "integrity": "sha512-JBcRIIizi+exIA/OUhYkV6jtyeZco0ykCkIRd5sgwIt1Pm4pz+maoaRZpm6SkhPwvif4fCA7xOtJOykhpIV64Q==",
      "dependencies": {
        "@typescript/twoslash": "3.1.0",
        "@typescript/vfs": "1.3.4",
        "fenceparser": "^1.1.0",
        "shiki": "0.10.1"
      },
      "peerDependencies": {
        "typescript": ">3"
      }
    },
    "node_modules/typescript": {
      "version": "5.3.2",
      "resolved": "https://registry.npmjs.org/typescript/-/typescript-5.3.2.tgz",
      "integrity": "sha512-6l+RyNy7oAHDfxC4FzSJcz9vnjTKxrLpDG5M2Vu4SHRVNg6xzqZp6LYSR9zjqQTu8DU/f5xwxUdADOkbrIX2gQ==",
      "peer": true,
      "bin": {
        "tsc": "bin/tsc",
        "tsserver": "bin/tsserver"
      },
      "engines": {
        "node": ">=14.17"
      }
    },
    "node_modules/vscode-oniguruma": {
      "version": "1.7.0",
      "resolved": "https://registry.npmjs.org/vscode-oniguruma/-/vscode-oniguruma-1.7.0.tgz",
      "integrity": "sha512-L9WMGRfrjOhgHSdOYgCt/yRMsXzLDJSL7BPrOZt73gU0iWO4mpqzqQzOz5srxqTvMBaR0XZTSrVWo4j55Rc6cA=="
    },
    "node_modules/vscode-textmate": {
      "version": "5.2.0",
      "resolved": "https://registry.npmjs.org/vscode-textmate/-/vscode-textmate-5.2.0.tgz",
      "integrity": "sha512-Uw5ooOQxRASHgu6C7GVvUxisKXfSgW4oFlO+aa+PAkgmH89O3CXxEEzNRNtHSqtXFTl0nAC1uYj0GMSH27uwtQ=="
    }
  },
  "dependencies": {
    "@typescript/twoslash": {
      "version": "3.1.0",
      "resolved": "https://registry.npmjs.org/@typescript/twoslash/-/twoslash-3.1.0.tgz",
      "integrity": "sha512-kTwMUQ8xtAZaC4wb2XuLkPqFVBj2dNBueMQ89NWEuw87k2nLBbuafeG5cob/QEr6YduxIdTVUjix0MtC7mPlmg==",
      "requires": {
        "@typescript/vfs": "1.3.5",
        "debug": "^4.1.1",
        "lz-string": "^1.4.4"
      },
      "dependencies": {
        "@typescript/vfs": {
          "version": "1.3.5",
          "resolved": "https://registry.npmjs.org/@typescript/vfs/-/vfs-1.3.5.tgz",
          "integrity": "sha512-pI8Saqjupf9MfLw7w2+og+fmb0fZS0J6vsKXXrp4/PDXEFvntgzXmChCXC/KefZZS0YGS6AT8e0hGAJcTsdJlg==",
          "requires": {
            "debug": "^4.1.1"
          }
        }
      }
    },
    "@typescript/vfs": {
      "version": "1.3.4",
      "resolved": "https://registry.npmjs.org/@typescript/vfs/-/vfs-1.3.4.tgz",
      "integrity": "sha512-RbyJiaAGQPIcAGWFa3jAXSuAexU4BFiDRF1g3hy7LmRqfNpYlTQWGXjcrOaVZjJ8YkkpuwG0FcsYvtWQpd9igQ==",
      "requires": {
        "debug": "^4.1.1"
      }
    },
    "debug": {
      "version": "4.3.4",
      "resolved": "https://registry.npmjs.org/debug/-/debug-4.3.4.tgz",
      "integrity": "sha512-PRWFHuSU3eDtQJPvnNY7Jcket1j0t5OuOsFzPPzsekD52Zl8qUfFIPEiswXqIvHWGVHOgX+7G/vCNNhehwxfkQ==",
      "requires": {
        "ms": "2.1.2"
      }
    },
    "fenceparser": {
      "version": "1.1.1",
      "resolved": "https://registry.npmjs.org/fenceparser/-/fenceparser-1.1.1.tgz",
      "integrity": "sha512-VdkTsK7GWLT0VWMK5S5WTAPn61wJ98WPFwJiRHumhg4ESNUO/tnkU8bzzzc62o6Uk1SVhuZFLnakmDA4SGV7wA=="
    },
    "jsonc-parser": {
      "version": "3.2.0",
      "resolved": "https://registry.npmjs.org/jsonc-parser/-/jsonc-parser-3.2.0.tgz",
      "integrity": "sha512-gfFQZrcTc8CnKXp6Y4/CBT3fTc0OVuDofpre4aEeEpSBPV5X5v4+Vmx+8snU7RLPrNHPKSgLxGo9YuQzz20o+w=="
    },
    "lz-string": {
      "version": "1.5.0",
      "resolved": "https://registry.npmjs.org/lz-string/-/lz-string-1.5.0.tgz",
      "integrity": "sha512-h5bgJWpxJNswbU7qCrV0tIKQCaS3blPDrqKWx+QxzuzL1zGUzij9XCWLrSLsJPu5t+eWA/ycetzYAO5IOMcWAQ=="
    },
    "ms": {
      "version": "2.1.2",
      "resolved": "https://registry.npmjs.org/ms/-/ms-2.1.2.tgz",
      "integrity": "sha512-sGkPx+VjMtmA6MX27oA4FBFELFCZZ4S4XqeGOXCv68tT+jb3vk/RyaKWP0PTKyWtmLSM0b+adUTEvbs1PEaH2w=="
    },
    "shiki": {
      "version": "0.10.1",
      "resolved": "https://registry.npmjs.org/shiki/-/shiki-0.10.1.tgz",
      "integrity": "sha512-VsY7QJVzU51j5o1+DguUd+6vmCmZ5v/6gYu4vyYAhzjuNQU6P/vmSy4uQaOhvje031qQMiW0d2BwgMH52vqMng==",
      "requires": {
        "jsonc-parser": "^3.0.0",
        "vscode-oniguruma": "^1.6.1",
        "vscode-textmate": "5.2.0"
      }
    },
    "shiki-twoslash": {
      "version": "3.1.2",
      "resolved": "https://registry.npmjs.org/shiki-twoslash/-/shiki-twoslash-3.1.2.tgz",
      "integrity": "sha512-JBcRIIizi+exIA/OUhYkV6jtyeZco0ykCkIRd5sgwIt1Pm4pz+maoaRZpm6SkhPwvif4fCA7xOtJOykhpIV64Q==",
      "requires": {
        "@typescript/twoslash": "3.1.0",
        "@typescript/vfs": "1.3.4",
        "fenceparser": "^1.1.0",
        "shiki": "0.10.1"
      }
    },
    "typescript": {
      "version": "5.3.2",
      "resolved": "https://registry.npmjs.org/typescript/-/typescript-5.3.2.tgz",
      "integrity": "sha512-6l+RyNy7oAHDfxC4FzSJcz9vnjTKxrLpDG5M2Vu4SHRVNg6xzqZp6LYSR9zjqQTu8DU/f5xwxUdADOkbrIX2gQ==",
      "peer": true
    },
    "vscode-oniguruma": {
      "version": "1.7.0",
      "resolved": "https://registry.npmjs.org/vscode-oniguruma/-/vscode-oniguruma-1.7.0.tgz",
      "integrity": "sha512-L9WMGRfrjOhgHSdOYgCt/yRMsXzLDJSL7BPrOZt73gU0iWO4mpqzqQzOz5srxqTvMBaR0XZTSrVWo4j55Rc6cA=="
    },
    "vscode-textmate": {
      "version": "5.2.0",
      "resolved": "https://registry.npmjs.org/vscode-textmate/-/vscode-textmate-5.2.0.tgz",
      "integrity": "sha512-Uw5ooOQxRASHgu6C7GVvUxisKXfSgW4oFlO+aa+PAkgmH89O3CXxEEzNRNtHSqtXFTl0nAC1uYj0GMSH27uwtQ=="
    }
  }
}
